# THIS IS AN AUTOGENERATED FILE. DO NOT EDIT THIS FILE DIRECTLY.
# yarn lockfile v1


abstract-leveldown@2.4.1:
  version "2.4.1"
  resolved "https://registry.yarnpkg.com/abstract-leveldown/-/abstract-leveldown-2.4.1.tgz#b3bfedb884eb693a12775f0c55e9f0a420ccee64"
  integrity sha1-s7/tuITraToSd18MVenwpCDM7mQ=
  dependencies:
    xtend "~4.0.0"

abstract-leveldown@~6.0.0:
  version "6.0.3"
  resolved "https://registry.yarnpkg.com/abstract-leveldown/-/abstract-leveldown-6.0.3.tgz#b4b6159343c74b0c5197b2817854782d8f748c4a"
  integrity sha512-jzewKKpZbaYUa6HTThnrl+GrJhzjEAeuc7hTVpZdzg7kupXZFoqQDFwyOwLNbmJKJlmzw8yiipMPkDiuKkT06Q==
  dependencies:
    level-concat-iterator "~2.0.0"
    xtend "~4.0.0"

argsarray@0.0.1:
  version "0.0.1"
  resolved "https://registry.yarnpkg.com/argsarray/-/argsarray-0.0.1.tgz#6e7207b4ecdb39b0af88303fa5ae22bda8df61cb"
  integrity sha1-bnIHtOzbObCviDA/pa4ivajfYcs=

buffer-from@1.1.0:
  version "1.1.0"
  resolved "https://registry.yarnpkg.com/buffer-from/-/buffer-from-1.1.0.tgz#87fcaa3a298358e0ade6e442cfce840740d1ad04"
  integrity sha512-c5mRlguI/Pe2dSZmpER62rSCu0ryKmWddzRYsuXc50U2/g8jMOulc31VZMa4mYx31U5xsmSOpDCgH88Vl9cDGQ==

clone-buffer@1.0.0:
  version "1.0.0"
  resolved "https://registry.yarnpkg.com/clone-buffer/-/clone-buffer-1.0.0.tgz#e3e25b207ac4e701af721e2cb5a16792cac3dc58"
  integrity sha1-4+JbIHrE5wGvch4staFnksrD3Fg=

core-util-is@~1.0.0:
  version "1.0.2"
  resolved "https://registry.yarnpkg.com/core-util-is/-/core-util-is-1.0.2.tgz#b5fd54220aa2bc5ab57aab7140c940754503c1a7"
  integrity sha1-tf1UIgqivFq1eqtxQMlAdUUDwac=

deferred-leveldown@~5.0.0:
  version "5.0.1"
  resolved "https://registry.yarnpkg.com/deferred-leveldown/-/deferred-leveldown-5.0.1.tgz#1642eb18b535dfb2b6ac4d39fb10a9cbcfd13b09"
  integrity sha512-BXohsvTedWOLkj2n/TY+yqVlrCWa2Zs8LSxh3uCAgFOru7/pjxKyZAexGa1j83BaKloER4PqUyQ9rGPJLt9bqA==
  dependencies:
    abstract-leveldown "~6.0.0"
    inherits "^2.0.3"

double-ended-queue@2.1.0-0:
  version "2.1.0-0"
  resolved "https://registry.yarnpkg.com/double-ended-queue/-/double-ended-queue-2.1.0-0.tgz#103d3527fd31528f40188130c841efdd78264e5c"
  integrity sha1-ED01J/0xUo9AGIEwyEHv3XgmTlw=

errno@~0.1.1:
  version "0.1.7"
  resolved "https://registry.yarnpkg.com/errno/-/errno-0.1.7.tgz#4684d71779ad39af177e3f007996f7c67c852618"
  integrity sha512-MfrRBDWzIWifgq6tJj60gkAwtLNb6sQPlcFrSOflcP1aFmmruKQ2wRnze/8V6kgyz7H3FF8Npzv78mZ7XLLflg==
  dependencies:
    prr "~1.0.1"

es6-denodeify@^0.1.1:
  version "0.1.5"
  resolved "https://registry.yarnpkg.com/es6-denodeify/-/es6-denodeify-0.1.5.tgz#31d4d5fe9c5503e125460439310e16a2a3f39c1f"
  integrity sha1-MdTV/pxVA+ElRgQ5MQ4WoqPznB8=

fetch-cookie@0.7.0:
  version "0.7.0"
  resolved "https://registry.yarnpkg.com/fetch-cookie/-/fetch-cookie-0.7.0.tgz#a6fc137ad8363aa89125864c6451b86ecb7de802"
  integrity sha512-Mm5pGlT3agW6t71xVM7vMZPIvI7T4FaTuFW4jari6dVzYHFDb3WZZsGpN22r/o3XMdkM0E7sPd1EGeyVbH2Tgg==
  dependencies:
    es6-denodeify "^0.1.1"
    tough-cookie "^2.3.1"

functional-red-black-tree@^1.0.1:
  version "1.0.1"
  resolved "https://registry.yarnpkg.com/functional-red-black-tree/-/functional-red-black-tree-1.0.1.tgz#1b0ab3bd553b2a0d6399d29c0e3ea0b252078327"
  integrity sha1-GwqzvVU7Kg1jmdKcDj6gslIHgyc=

immediate@3.0.6:
  version "3.0.6"
  resolved "https://registry.yarnpkg.com/immediate/-/immediate-3.0.6.tgz#9db1dbd0faf8de6fbe0f5dd5e56bb606280de69b"
  integrity sha1-nbHb0Pr43m++D13V5Wu2BigN5ps=

immediate@^3.2.3:
  version "3.2.3"
  resolved "https://registry.yarnpkg.com/immediate/-/immediate-3.2.3.tgz#d140fa8f614659bd6541233097ddaac25cdd991c"
  integrity sha1-0UD6j2FGWb1lQSMwl92qwlzdmRw=

inherits@2.0.3:
  version "2.0.3"
  resolved "https://registry.yarnpkg.com/inherits/-/inherits-2.0.3.tgz#633c2c83e3da42a502f52466022480f4208261de"
  integrity sha1-Yzwsg+PaQqUC9SRmAiSA9CCCYd4=

inherits@^2.0.3, inherits@^2.0.4, inherits@~2.0.1:
  version "2.0.4"
  resolved "https://registry.yarnpkg.com/inherits/-/inherits-2.0.4.tgz#0fa2c64f932917c3433a0ded55363aae37416b7c"
  integrity sha512-k/vGaX4/Yla3WzyMCvTQOXYeIHvqOKtnqBduzTHpzpQZzAskKMhZ2K+EnBiSM9zGSoIFeMpXKxa4dYeZIQqewQ==

isarray@0.0.1:
  version "0.0.1"
  resolved "https://registry.yarnpkg.com/isarray/-/isarray-0.0.1.tgz#8a18acfca9a8f4177e09abfc6038939b05d1eedf"
  integrity sha1-ihis/Kmo9Bd+Cav8YDiTmwXR7t8=

level-codec@9.0.1:
  version "9.0.1"
  resolved "https://registry.yarnpkg.com/level-codec/-/level-codec-9.0.1.tgz#042f4aa85e56d4328ace368c950811ba802b7247"
  integrity sha512-ajFP0kJ+nyq4i6kptSM+mAvJKLOg1X5FiFPtLG9M5gCEZyBmgDi3FkDrvlMkEzrUn1cWxtvVmrvoS4ASyO/q+Q==

level-concat-iterator@~2.0.0:
  version "2.0.1"
  resolved "https://registry.yarnpkg.com/level-concat-iterator/-/level-concat-iterator-2.0.1.tgz#1d1009cf108340252cb38c51f9727311193e6263"
  integrity sha512-OTKKOqeav2QWcERMJR7IS9CUo1sHnke2C0gkSmcR7QuEtFNLLzHQAvnMw8ykvEcv0Qtkg0p7FOwP1v9e5Smdcw==

level-errors@~2.0.0:
  version "2.0.1"
  resolved "https://registry.yarnpkg.com/level-errors/-/level-errors-2.0.1.tgz#2132a677bf4e679ce029f517c2f17432800c05c8"
  integrity sha512-UVprBJXite4gPS+3VznfgDSU8PTRuVX0NXwoWW50KLxd2yw4Y1t2JUR5In1itQnudZqRMT9DlAM3Q//9NCjCFw==
  dependencies:
    errno "~0.1.1"

level-iterator-stream@~4.0.0:
  version "4.0.2"
  resolved "https://registry.yarnpkg.com/level-iterator-stream/-/level-iterator-stream-4.0.2.tgz#7ceba69b713b0d7e22fcc0d1f128ccdc8a24f79c"
  integrity sha512-ZSthfEqzGSOMWoUGhTXdX9jv26d32XJuHz/5YnuHZzH6wldfWMOVwI9TBtKcya4BKTyTt3XVA0A3cF3q5CY30Q==
  dependencies:
    inherits "^2.0.4"
    readable-stream "^3.4.0"
    xtend "^4.0.2"

levelup@4.0.2:
  version "4.0.2"
  resolved "https://registry.yarnpkg.com/levelup/-/levelup-4.0.2.tgz#bcb8d28d0a82ee97f1c6d00f20ea6d32c2803c5b"
  integrity sha512-cx9PmLENwbGA3svWBEbeO2HazpOSOYSXH4VA+ahVpYyurvD+SDSfURl29VBY2qgyk+Vfy2dJd71SBRckj/EZVA==
  dependencies:
    deferred-leveldown "~5.0.0"
    level-errors "~2.0.0"
    level-iterator-stream "~4.0.0"
    xtend "~4.0.0"

ltgt@2.2.1:
  version "2.2.1"
  resolved "https://registry.yarnpkg.com/ltgt/-/ltgt-2.2.1.tgz#f35ca91c493f7b73da0e07495304f17b31f87ee5"
  integrity sha1-81ypHEk/e3PaDgdJUwTxezH4fuU=

ltgt@~2.1.3:
  version "2.1.3"
  resolved "https://registry.yarnpkg.com/ltgt/-/ltgt-2.1.3.tgz#10851a06d9964b971178441c23c9e52698eece34"
  integrity sha1-EIUaBtmWS5cReEQcI8nlJpjuzjQ=

memdown@1.2.4:
  version "1.2.4"
  resolved "https://registry.yarnpkg.com/memdown/-/memdown-1.2.4.tgz#cd9a34aaf074d53445a271108eb4b8dd4ec0f27f"
  integrity sha1-zZo0qvB01TRFonEQjrS43U7A8n8=
  dependencies:
    abstract-leveldown "2.4.1"
    functional-red-black-tree "^1.0.1"
    immediate "^3.2.3"
    inherits "~2.0.1"
    ltgt "~2.1.3"

node-fetch@2.4.1:
  version "2.4.1"
  resolved "https://registry.yarnpkg.com/node-fetch/-/node-fetch-2.4.1.tgz#b2e38f1117b8acbedbe0524f041fb3177188255d"
  integrity sha512-P9UbpFK87NyqBZzUuDBDz4f6Yiys8xm8j7ACDbi6usvFm6KItklQUKjeoqTrYS/S1k6I8oaOC2YLLDr/gg26Mw==

pouchdb-abstract-mapreduce@7.1.1:
  version "7.1.1"
  resolved "https://registry.yarnpkg.com/pouchdb-abstract-mapreduce/-/pouchdb-abstract-mapreduce-7.1.1.tgz#f11b3c74baad50a9a6bedd62783e64d73858bdb7"
  integrity sha512-zyVdcXpk/4Wi4I4pkN+KDx1APVY4NiJQFb9b7A7/M7PA+B9pzHGiNBMwzR1UDytF+Chfknsi0bL91GKhJ28pRA==
  dependencies:
    pouchdb-binary-utils "7.1.1"
    pouchdb-collate "7.1.1"
    pouchdb-collections "7.1.1"
    pouchdb-errors "7.1.1"
    pouchdb-fetch "7.1.1"
    pouchdb-mapreduce-utils "7.1.1"
    pouchdb-md5 "7.1.1"
    pouchdb-utils "7.1.1"

pouchdb-adapter-http@^7.1.1:
  version "7.1.1"
  resolved "https://registry.yarnpkg.com/pouchdb-adapter-http/-/pouchdb-adapter-http-7.1.1.tgz#83c0adebdbec60332b27e5e58d4935055efbbc36"
  integrity sha512-SWuf9MIbJY6lXPJ03ejoDvV+9EMQqHLf3gKKnuU5w7wLXswZHlDd+6H8lJSorv3UYuF4T/fT3YP6AyOkAmHtYA==
  dependencies:
    argsarray "0.0.1"
    pouchdb-binary-utils "7.1.1"
    pouchdb-errors "7.1.1"
    pouchdb-fetch "7.1.1"
    pouchdb-utils "7.1.1"

pouchdb-adapter-leveldb-core@7.1.1:
  version "7.1.1"
  resolved "https://registry.yarnpkg.com/pouchdb-adapter-leveldb-core/-/pouchdb-adapter-leveldb-core-7.1.1.tgz#f53b46841c92fbddcdefca4faba5e71877828a3a"
  integrity sha512-+R0cHiqS1fF8QjjqZ02RMj70nbUetl2MvWq3rr1ml1IdGwmR3XfEgvs3zyojmn6WrwpW7Dka89s8FPfP5YG3SA==
  dependencies:
    argsarray "0.0.1"
    buffer-from "1.1.0"
    double-ended-queue "2.1.0-0"
    levelup "4.0.2"
    pouchdb-adapter-utils "7.1.1"
    pouchdb-binary-utils "7.1.1"
    pouchdb-collections "7.1.1"
    pouchdb-errors "7.1.1"
    pouchdb-json "7.1.1"
    pouchdb-md5 "7.1.1"
    pouchdb-merge "7.1.1"
    pouchdb-utils "7.1.1"
    sublevel-pouchdb "7.1.1"
    through2 "3.0.1"

pouchdb-adapter-memory@^7.1.1:
  version "7.1.1"
  resolved "https://registry.yarnpkg.com/pouchdb-adapter-memory/-/pouchdb-adapter-memory-7.1.1.tgz#10c71aa249afadf3b4c39915865254f7f934abed"
  integrity sha512-XkAhtemGxk2JmGxCpXyv1he3qchkZjIdpKz1kmZEVDx0FgbkqAbzxTWrmTSIAdwSYMglTV/DXjSMsyWWbUH4AA==
  dependencies:
    memdown "1.2.4"
    pouchdb-adapter-leveldb-core "7.1.1"
    pouchdb-utils "7.1.1"

pouchdb-adapter-utils@7.1.1:
  version "7.1.1"
  resolved "https://registry.yarnpkg.com/pouchdb-adapter-utils/-/pouchdb-adapter-utils-7.1.1.tgz#565e63e06ed69cbdc36bac358b0eef6ebbf9eb31"
  integrity sha512-xaHu//GYYerkU+1goBpJfgf4ScxIj8Z8vZ51mYe6hMm3jZpEqzrZo53b+QyxsH42mSAELBD9AZQgwQGgkQEYDQ==
  dependencies:
    pouchdb-binary-utils "7.1.1"
    pouchdb-collections "7.1.1"
    pouchdb-errors "7.1.1"
    pouchdb-md5 "7.1.1"
    pouchdb-merge "7.1.1"
    pouchdb-utils "7.1.1"

pouchdb-binary-utils@7.1.1:
  version "7.1.1"
  resolved "https://registry.yarnpkg.com/pouchdb-binary-utils/-/pouchdb-binary-utils-7.1.1.tgz#04f6c4d8385dbcead3e1023139a4d7586d2005df"
  integrity sha512-DSN6AW59ycCR97JBMSGmVEfWxAEO4KzdDR6wZzCpQmT3H2Bvtv18dmKaoWnm8nAZQiXQQjgHBipRH4MlxY21zQ==
  dependencies:
    buffer-from "1.1.0"

pouchdb-changes-filter@7.1.1:
  version "7.1.1"
  resolved "https://registry.yarnpkg.com/pouchdb-changes-filter/-/pouchdb-changes-filter-7.1.1.tgz#6a759ddc143946784ef6806bfeecdf6ff717888a"
  integrity sha512-rMdnIbQhkTbfHpOkML3AUEood7N0xfpD3CIDavmqS0BQAScOjVbOvb43uGhsUY1J4FF7QsOK8q/j/E0ODzk/Wg==
  dependencies:
    pouchdb-errors "7.1.1"
    pouchdb-selector-core "7.1.1"
    pouchdb-utils "7.1.1"

pouchdb-checkpointer@7.1.1:
  version "7.1.1"
  resolved "https://registry.yarnpkg.com/pouchdb-checkpointer/-/pouchdb-checkpointer-7.1.1.tgz#27399997a8245e6e333aef9a5ebbe0f7c146247a"
  integrity sha512-ckJ/Y5gI+sEDZ9w4A4wTt2aOcX39BeqQwfMU7HSUMVzmPfIOVTk1N/8PyeVibgL3WNJswYFDdH1Sa/xbdS/jQw==
  dependencies:
    pouchdb-collate "7.1.1"
    pouchdb-utils "7.1.1"

pouchdb-collate@7.1.1:
  version "7.1.1"
  resolved "https://registry.yarnpkg.com/pouchdb-collate/-/pouchdb-collate-7.1.1.tgz#eac1bc828146bc4226d6e4aa3bdcf6b496fb0f2d"
  integrity sha512-RNe44kHV96AHU22mJHwNX+JkpR5HnJsQdfn+15otq/TZk6GYbVl7LeDgkyZS6BILq6Ms3gzeimpHUP21xswejA==

pouchdb-collections@7.1.1:
  version "7.1.1"
  resolved "https://registry.yarnpkg.com/pouchdb-collections/-/pouchdb-collections-7.1.1.tgz#4f7704896e4055ba354241c0fd75bbb7446a809f"
  integrity sha512-Iwdv74+H8tSc9cM7co0X4eJQglaPp+uIX7qjzK5MIeZThUHNcJQxOC92qGK1qE3Z2feAD5LxhXEIYDia/lB8pw==

pouchdb-core@^7.1.1:
  version "7.1.1"
  resolved "https://registry.yarnpkg.com/pouchdb-core/-/pouchdb-core-7.1.1.tgz#5a0f1873cc34389a06c17882474437775d4ef11e"
  integrity sha512-q0K7SRpqbNQ4f3cMNXVon8mQz3/mWFaywoyw8uMQ7cxtXaItXM8KBw6aZ8cCKNfqC9B1CxvVuo1V3H7+Y/bX+Q==
  dependencies:
    argsarray "0.0.1"
    inherits "2.0.3"
    pouchdb-changes-filter "7.1.1"
    pouchdb-collections "7.1.1"
    pouchdb-errors "7.1.1"
    pouchdb-fetch "7.1.1"
    pouchdb-merge "7.1.1"
    pouchdb-utils "7.1.1"

pouchdb-errors@7.1.1:
  version "7.1.1"
  resolved "https://registry.yarnpkg.com/pouchdb-errors/-/pouchdb-errors-7.1.1.tgz#799603a46e3dfc9ec9403fe11610236a46354cf6"
  integrity sha512-A5VC4pzvNNfdldj4QqiygHfokTbjM0O5FiNzyun0LUQIJ+o5xFHMINfP3hmJ8HFTHI3mRNUul7Qjdu3Spzm4vg==
  dependencies:
    inherits "2.0.3"

pouchdb-fetch@7.1.1:
  version "7.1.1"
  resolved "https://registry.yarnpkg.com/pouchdb-fetch/-/pouchdb-fetch-7.1.1.tgz#88d972cba470207d254fb8fb3491f64a06a718f7"
  integrity sha512-2N8rX/Do+YXnAR9UfuZBq1LJpGcd+6qmfp+5jD7PmAReGcQUvTEtSzheUy7Y6xiEGnr+0V5m7EinjlgtNuSo9A==
  dependencies:
    fetch-cookie "0.7.0"
    node-fetch "2.4.1"

pouchdb-find@^7.1.1:
  version "7.1.1"
  resolved "https://registry.yarnpkg.com/pouchdb-find/-/pouchdb-find-7.1.1.tgz#390f05ba98467d52e16c4609f1623ea9aa6f9f11"
  integrity sha512-3NP63Oi3Gac86hJ1aUpX/CsfN46WNZQKVykAI90Ujq5ruYIIufk5br+rQ+bvZ1I/Aj+2ayiqE6J+MOHuXAiuUA==
  dependencies:
    pouchdb-abstract-mapreduce "7.1.1"
    pouchdb-collate "7.1.1"
    pouchdb-errors "7.1.1"
    pouchdb-fetch "7.1.1"
    pouchdb-md5 "7.1.1"
    pouchdb-selector-core "7.1.1"
    pouchdb-utils "7.1.1"

pouchdb-generate-replication-id@7.1.1:
  version "7.1.1"
  resolved "https://registry.yarnpkg.com/pouchdb-generate-replication-id/-/pouchdb-generate-replication-id-7.1.1.tgz#143bca90489b3f4f48b76b74b33cde7293849640"
  integrity sha512-tWxM/ybpjGNiHaZ8K99ts/ut6S+aDACu0pQ0VOfWIeolGeLSHZgj/m7fEJ0rhxukeitBtc42DUtblNC1X8EWXg==
  dependencies:
    pouchdb-collate "7.1.1"
    pouchdb-md5 "7.1.1"

pouchdb-json@7.1.1:
  version "7.1.1"
  resolved "https://registry.yarnpkg.com/pouchdb-json/-/pouchdb-json-7.1.1.tgz#e248b7ee7cc8c30b121184bb64b477a9c67d2378"
  integrity sha512-AzeMQbM3PQAtmbJ1u4DJTJV7EDcD/6KKwlRmPMZKkN9/dgXxx6WkX7U3xglSw88HK0RJ5I/9P4HO3KO2cYcWvg==
  dependencies:
    vuvuzela "1.0.3"

pouchdb-mapreduce-utils@7.1.1:
  version "7.1.1"
  resolved "https://registry.yarnpkg.com/pouchdb-mapreduce-utils/-/pouchdb-mapreduce-utils-7.1.1.tgz#e56d2ffd5712d15c0554974b9b1cdb47a3af212a"
  integrity sha512-25+quHnr69J6n1fwwESfkV6tYIFSu4qqaW4EBL7CATwguEn3wEa7y86pCkAzpIJrAL6WcvtryQpT78raqfzoHw==
  dependencies:
    argsarray "0.0.1"
    inherits "2.0.3"
    pouchdb-collections "7.1.1"
    pouchdb-utils "7.1.1"

pouchdb-mapreduce@^7.1.1:
  version "7.1.1"
  resolved "https://registry.yarnpkg.com/pouchdb-mapreduce/-/pouchdb-mapreduce-7.1.1.tgz#04035f586cd0b9c542d261dc878cbbc9d17f0a23"
  integrity sha512-pGFcQeh4Jm0gLU6UDftYZ0Es9TOiChaMCiEqN9ULFeXIiseRE4D3PTMrXXTMhj+1S4V64IMb/6CL/ZPdJlQ3dw==
  dependencies:
    pouchdb-abstract-mapreduce "7.1.1"
    pouchdb-mapreduce-utils "7.1.1"
    pouchdb-utils "7.1.1"

pouchdb-md5@7.1.1:
  version "7.1.1"
  resolved "https://registry.yarnpkg.com/pouchdb-md5/-/pouchdb-md5-7.1.1.tgz#560e868ba1c16df6be5b2e1924af9df5a91ac669"
  integrity sha512-XzuDBoOEcviP8yv5R0ruuPpZDBtpohtbVg1dLU52WbPMLvU5YK/yy8mJxggbvolG+iNMDde1IfubY3NNflFuPQ==
  dependencies:
    pouchdb-binary-utils "7.1.1"
    spark-md5 "3.0.0"

pouchdb-merge@7.1.1:
  version "7.1.1"
  resolved "https://registry.yarnpkg.com/pouchdb-merge/-/pouchdb-merge-7.1.1.tgz#d05cd9b71faf4103107bc1b2771c9f508fa4ae1c"
  integrity sha512-xKeroVdpsTdtgsJNBgpzZxCkKd/DdzNavw/QyQIcG0TR3lSVgcTvAQeliI3fDiiUkPPn9uerxVsaOnowmbe2hQ==

pouchdb-replication@^7.1.1:
  version "7.1.1"
  resolved "https://registry.yarnpkg.com/pouchdb-replication/-/pouchdb-replication-7.1.1.tgz#4596bd8a0756674765608b92e05c279e19ccf3c0"
  integrity sha512-caIraPaI0AYbr2L3heMWRtH/E3bgTIoGamcFYizjHMsAxvbNBPo4enhHiffGte3P80D7qEwpd3C6l4ZPpkZdwg==
  dependencies:
    inherits "2.0.3"
    pouchdb-checkpointer "7.1.1"
    pouchdb-errors "7.1.1"
    pouchdb-generate-replication-id "7.1.1"
    pouchdb-utils "7.1.1"

pouchdb-selector-core@7.1.1:
  version "7.1.1"
  resolved "https://registry.yarnpkg.com/pouchdb-selector-core/-/pouchdb-selector-core-7.1.1.tgz#6f1533ad00587cbf189759b5c612e3577f54533e"
  integrity sha512-3bNdVwFrVSHuOS2pleKFqa5UODLrxEXQVzO6z9deWwVB1VAb9tIA60031GUrNrIg3D3vKXjVDCvpexT1SDSh9Q==
  dependencies:
    pouchdb-collate "7.1.1"
    pouchdb-utils "7.1.1"

pouchdb-utils@7.1.1:
  version "7.1.1"
  resolved "https://registry.yarnpkg.com/pouchdb-utils/-/pouchdb-utils-7.1.1.tgz#a6999f73c89f31afc43a71819cc0a82d95eb29fb"
  integrity sha512-a2c7JFOEy6kfdD3JuTOyH6oBLlPznpg32IBrRGf4sjmIfBRFdzTo/fvuxNyLf/d+q0/7Ec1M8xUfUVT+RkViAw==
  dependencies:
    argsarray "0.0.1"
    clone-buffer "1.0.0"
    immediate "3.0.6"
    inherits "2.0.3"
    pouchdb-collections "7.1.1"
    pouchdb-errors "7.1.1"
    pouchdb-md5 "7.1.1"
    uuid "3.2.1"

prr@~1.0.1:
  version "1.0.1"
  resolved "https://registry.yarnpkg.com/prr/-/prr-1.0.1.tgz#d3fc114ba06995a45ec6893f484ceb1d78f5f476"
  integrity sha1-0/wRS6BplaRexok/SEzrHXj19HY=

psl@^1.1.28:
  version "1.6.0"
  resolved "https://registry.yarnpkg.com/psl/-/psl-1.6.0.tgz#60557582ee23b6c43719d9890fb4170ecd91e110"
  integrity sha512-SYKKmVel98NCOYXpkwUqZqh0ahZeeKfmisiLIcEZdsb+WbLv02g/dI5BUmZnIyOe7RzZtLax81nnb2HbvC2tzA==

punycode@^2.1.1:
  version "2.1.1"
  resolved "https://registry.yarnpkg.com/punycode/-/punycode-2.1.1.tgz#b58b010ac40c22c5657616c8d2c2c02c7bf479ec"
  integrity sha512-XRsRjdf+j5ml+y/6GKHPZbrF/8p2Yga0JPtdqTIY2Xe5ohJPD9saDJJLPvp9+NSBprVvevdXZybnj2cv8OEd0A==

readable-stream@1.0.33:
  version "1.0.33"
  resolved "https://registry.yarnpkg.com/readable-stream/-/readable-stream-1.0.33.tgz#3a360dd66c1b1d7fd4705389860eda1d0f61126c"
  integrity sha1-OjYN1mwbHX/UcFOJhg7aHQ9hEmw=
  dependencies:
    core-util-is "~1.0.0"
    inherits "~2.0.1"
    isarray "0.0.1"
    string_decoder "~0.10.x"

"readable-stream@2 || 3", readable-stream@^3.4.0:
  version "3.4.0"
  resolved "https://registry.yarnpkg.com/readable-stream/-/readable-stream-3.4.0.tgz#a51c26754658e0a3c21dbf59163bd45ba6f447fc"
  integrity sha512-jItXPLmrSR8jmTRmRWJXCnGJsfy85mB3Wd/uINMXA65yrnFo0cPClFIUWzo2najVNSl+mx7/4W8ttlLWJe99pQ==
  dependencies:
    inherits "^2.0.3"
    string_decoder "^1.1.1"
    util-deprecate "^1.0.1"

safe-buffer@~5.2.0:
  version "5.2.0"
  resolved "https://registry.yarnpkg.com/safe-buffer/-/safe-buffer-5.2.0.tgz#b74daec49b1148f88c64b68d49b1e815c1f2f519"
  integrity sha512-fZEwUGbVl7kouZs1jCdMLdt95hdIv0ZeHg6L7qPeciMZhZ+/gdesW4wgTARkrFWEpspjEATAzUGPG8N2jJiwbg==

spark-md5@3.0.0:
  version "3.0.0"
  resolved "https://registry.yarnpkg.com/spark-md5/-/spark-md5-3.0.0.tgz#3722227c54e2faf24b1dc6d933cc144e6f71bfef"
  integrity sha1-NyIifFTi+vJLHcbZM8wUTm9xv+8=

string_decoder@^1.1.1:
  version "1.3.0"
  resolved "https://registry.yarnpkg.com/string_decoder/-/string_decoder-1.3.0.tgz#42f114594a46cf1a8e30b0a84f56c78c3edac21e"
  integrity sha512-hkRX8U1WjJFd8LsDJ2yQ/wWWxaopEsABU1XfkM8A+j0+85JAGppt16cr1Whg6KIbb4okU6Mql6BOj+uup/wKeA==
  dependencies:
    safe-buffer "~5.2.0"

string_decoder@~0.10.x:
  version "0.10.31"
  resolved "https://registry.yarnpkg.com/string_decoder/-/string_decoder-0.10.31.tgz#62e203bc41766c6c28c9fc84301dab1c5310fa94"
  integrity sha1-YuIDvEF2bGwoyfyEMB2rHFMQ+pQ=

sublevel-pouchdb@7.1.1:
  version "7.1.1"
  resolved "https://registry.yarnpkg.com/sublevel-pouchdb/-/sublevel-pouchdb-7.1.1.tgz#46feb7efe0dc3697a7b1b35169699972d54c2328"
  integrity sha512-7egqKyyiTknLzTGcvijpqmLL9qx2unPVze02e/4pTnpSI0G0c0EblLv7jj1Nt7h0/P/5MNCvIr1+dMzgjgvc5Q==
  dependencies:
    inherits "2.0.3"
    level-codec "9.0.1"
    ltgt "2.2.1"
    readable-stream "1.0.33"

through2@3.0.1:
  version "3.0.1"
  resolved "https://registry.yarnpkg.com/through2/-/through2-3.0.1.tgz#39276e713c3302edf9e388dd9c812dd3b825bd5a"
  integrity sha512-M96dvTalPT3YbYLaKaCuwu+j06D/8Jfib0o/PxbVt6Amhv3dUAtW6rTV1jPgJSBG83I/e04Y6xkVdVhSRhi0ww==
  dependencies:
    readable-stream "2 || 3"

tough-cookie@^2.3.1:
  version "2.5.0"
  resolved "https://registry.yarnpkg.com/tough-cookie/-/tough-cookie-2.5.0.tgz#cd9fb2a0aa1d5a12b473bd9fb96fa3dcff65ade2"
  integrity sha512-nlLsUzgm1kfLXSXfRZMc1KLAugd4hqJHDTvc2hDIwS3mZAfMEuMbc03SujMF+GEcpaX/qboeycw6iO8JwVv2+g==
  dependencies:
    psl "^1.1.28"
    punycode "^2.1.1"

util-deprecate@^1.0.1:
  version "1.0.2"
  resolved "https://registry.yarnpkg.com/util-deprecate/-/util-deprecate-1.0.2.tgz#450d4dc9fa70de732762fbd2d4a28981419a0ccf"
  integrity sha1-RQ1Nyfpw3nMnYvvS1KKJgUGaDM8=

uuid@3.2.1:
  version "3.2.1"
  resolved "https://registry.yarnpkg.com/uuid/-/uuid-3.2.1.tgz#12c528bb9d58d0b9265d9a2f6f0fe8be17ff1f14"
  integrity sha512-jZnMwlb9Iku/O3smGWvZhauCf6cvvpKi4BKRiliS3cxnI+Gz9j5MEpTz2UFuXiKPJocb7gnsLHwiS05ige5BEA==

vuvuzela@1.0.3:
  version "1.0.3"
  resolved "https://registry.yarnpkg.com/vuvuzela/-/vuvuzela-1.0.3.tgz#3be145e58271c73ca55279dd851f12a682114b0b"
  integrity sha1-O+FF5YJxxzylUnndhR8SpoIRSws=

xtend@^4.0.2, xtend@~4.0.0:
  version "4.0.2"
  resolved "https://registry.yarnpkg.com/xtend/-/xtend-4.0.2.tgz#bb72779f5fa465186b1f438f674fa347fdb5db54"
  integrity sha512-LKYU1iAXJXUgAXn9URjiu+MWhyUXHsvfp7mcuYm9dSUKK0/CjtrUwFAxD82/mCWbtLsGjFIad0wIsod4zrTAEQ==
